
Microsoft Visual Studio Solution File, Format Version 12.00
# Visual Studio Version 16
VisualStudioVersion = 16.0.30104.148
MinimumVisualStudioVersion = 10.0.40219.1
Project("{FAE04EC0-301F-11D3-BF4B-00C04F79EFBC}") = "MLLExample", "MLLExample\MLLExample.csproj", "{CFB4F1AE-BE98-440A-AC80-95E1EC689CF6}"
EndProject
Project("{FAE04EC0-301F-11D3-BF4B-00C04F79EFBC}") = "LLExample", "LLExample\LLExample.csproj", "{F004E498-58F2-468C-8F28-A8E413B31375}"
EndProject
Global
	GlobalSection(SolutionConfigurationPlatforms) = preSolution
		Debug|Any CPU = Debug|Any CPU
		Release|Any CPU = Release|Any CPU
	EndGlobalSection
	GlobalSection(ProjectConfigurationPlatforms) = postSolution
		{CFB4F1AE-BE98-440A-AC80-95E1EC689CF6}.Debug|Any CPU.ActiveCfg = Debug|Any CPU
		{CFB4F1AE-BE98-440A-AC80-95E1EC689CF6}.Debug|Any CPU.Build.0 = Debug|Any CPU
		{CFB4F1AE-BE98-440A-AC80-95E1EC689CF6}.Release|Any CPU.ActiveCfg = Release|Any CPU
		{CFB4F1AE-BE98-440A-AC80-95E1EC689CF6}.Release|Any CPU.Build.0 = Release|Any CPU
		{F004E498-58F2-468C-8F28-A8E413B31375}.Debug|Any CPU.ActiveCfg = Debug|Any CPU
		{F004E498-58F2-468C-8F28-A8E413B31375}.Debug|Any CPU.Build.0 = Debug|Any CPU
		{F004E498-58F2-468C-8F28-A8E413B31375}.Release|Any CPU.ActiveCfg = Release|Any CPU
		{F004E498-58F2-468C-8F28-A8E413B31375}.Release|Any CPU.Build.0 = Release|Any CPU
	EndGlobalSection
	GlobalSection(SolutionProperties) = preSolution
		HideSolutionNode = FALSE
	EndGlobalSection
	GlobalSection(ExtensibilityGlobals) = postSolution
		SolutionGuid = {1275F62C-F0EC-4254-81A0-9FCA0E9AE879}
	EndGlobalSection
EndGlobal
